{
  "name": "knowpedia",
  "version": "1.1.0",
  "lockfileVersion": 1,
  "requires": true,
  "dependencies": {
    "@hai2007/browser": {
      "version": "0.2.0",
      "resolved": "https://registry.npmjs.org/@hai2007/browser/-/browser-0.2.0.tgz",
      "integrity": "sha512-CsffulQQa4eU1zQjLHIn04y0kBiYqwZkKlbhyO5ZBld0jaVC8Ty6hSt14gdVDHkT6T2xAVSgQeMTJTRW6gUhHQ=="
    },
    "@hai2007/tool": {
      "version": "0.9.3",
      "resolved": "https://registry.npmjs.org/@hai2007/tool/-/tool-0.9.3.tgz",
      "integrity": "sha512-nNoK8T+pPYsAFO1KbnWkKZe5S9SCrLlo46q83+as9KvR63CepTQ0ELCUX5OjfIAuwSzZiZDjYSN6Y/abKS8d8w=="
    },
    "cross-end-canvas": {
      "version": "0.1.1",
      "resolved": "https://registry.npmjs.org/cross-end-canvas/-/cross-end-canvas-0.1.1.tgz",
      "integrity": "sha512-UmTqHpq0h3Li5eWR9P9f7tLPt+K9bwErIPZTSg+myr+O7S8PGUiLiZySYeqUdXVvv8CIgx/QbpB2BVfmotVNSA==",
      "requires": {
        "@hai2007/tool": "^0.9.0"
      },
      "dependencies": {
        "@hai2007/tool": {
          "version": "0.9.3",
          "resolved": "https://registry.npmjs.org/@hai2007/tool/-/tool-0.9.3.tgz",
          "integrity": "sha512-nNoK8T+pPYsAFO1KbnWkKZe5S9SCrLlo46q83+as9KvR63CepTQ0ELCUX5OjfIAuwSzZiZDjYSN6Y/abKS8d8w=="
        }
      }
    }
  }
}
